
Microsoft Visual Studio Solution File, Format Version 12.00
# Visual Studio 15
VisualStudioVersion = 15.0.28307.779
MinimumVisualStudioVersion = 10.0.40219.1
Project("{FAE04EC0-301F-11D3-BF4B-00C04F79EFBC}") = "JSONPlaceholder", "JSONPlaceholder\JSONPlaceholder.csproj", "{6E4CFF92-865D-4D88-BD4A-FFC0E426EE53}"
EndProject
Global
	GlobalSection(SolutionConfigurationPlatforms) = preSolution
		Debug|Any CPU = Debug|Any CPU
		Release|Any CPU = Release|Any CPU
	EndGlobalSection
	GlobalSection(ProjectConfigurationPlatforms) = postSolution
		{6E4CFF92-865D-4D88-BD4A-FFC0E426EE53}.Debug|Any CPU.ActiveCfg = Debug|Any CPU
		{6E4CFF92-865D-4D88-BD4A-FFC0E426EE53}.Debug|Any CPU.Build.0 = Debug|Any CPU
		{6E4CFF92-865D-4D88-BD4A-FFC0E426EE53}.Release|Any CPU.ActiveCfg = Release|Any CPU
		{6E4CFF92-865D-4D88-BD4A-FFC0E426EE53}.Release|Any CPU.Build.0 = Release|Any CPU
	EndGlobalSection
	GlobalSection(SolutionProperties) = preSolution
		HideSolutionNode = FALSE
	EndGlobalSection
	GlobalSection(ExtensibilityGlobals) = postSolution
		SolutionGuid = {287A4BE1-46E9-4CE2-9030-ED188051FBC4}
	EndGlobalSection
EndGlobal
